
Microsoft Visual Studio Solution File, Format Version 12.00
# Visual Studio Version 17
VisualStudioVersion = 17.8.34511.84
MinimumVisualStudioVersion = 10.0.40219.1
Project("{FAE04EC0-301F-11D3-BF4B-00C04F79EFBC}") = "EDP_Activity4", "EDP_Activity4\EDP_Activity4.csproj", "{F810D06B-C33B-41C1-B379-8052ED2A5A4C}"
EndProject
Global
	GlobalSection(SolutionConfigurationPlatforms) = preSolution
		Debug|Any CPU = Debug|Any CPU
		Release|Any CPU = Release|Any CPU
	EndGlobalSection
	GlobalSection(ProjectConfigurationPlatforms) = postSolution
		{F810D06B-C33B-41C1-B379-8052ED2A5A4C}.Debug|Any CPU.ActiveCfg = Debug|Any CPU
		{F810D06B-C33B-41C1-B379-8052ED2A5A4C}.Debug|Any CPU.Build.0 = Debug|Any CPU
		{F810D06B-C33B-41C1-B379-8052ED2A5A4C}.Release|Any CPU.ActiveCfg = Release|Any CPU
		{F810D06B-C33B-41C1-B379-8052ED2A5A4C}.Release|Any CPU.Build.0 = Release|Any CPU
	EndGlobalSection
	GlobalSection(SolutionProperties) = preSolution
		HideSolutionNode = FALSE
	EndGlobalSection
	GlobalSection(ExtensibilityGlobals) = postSolution
		SolutionGuid = {AC6CFBB0-E9B0-44CE-8E62-1DB441B2432D}
	EndGlobalSection
EndGlobal
